
Microsoft Visual Studio Solution File, Format Version 12.00
# Visual Studio Version 17
VisualStudioVersion = 17.0.32126.317
MinimumVisualStudioVersion = 10.0.40219.1
Project("{FAE04EC0-301F-11D3-BF4B-00C04F79EFBC}") = "AstonFilRouge_API", "AstonFilRouge_API\AstonFilRouge_API.csproj", "{4292E214-BCBF-4774-8681-EFB9D7F8ECB1}"
EndProject
Global
	GlobalSection(SolutionConfigurationPlatforms) = preSolution
		Debug|Any CPU = Debug|Any CPU
		Release|Any CPU = Release|Any CPU
	EndGlobalSection
	GlobalSection(ProjectConfigurationPlatforms) = postSolution
		{4292E214-BCBF-4774-8681-EFB9D7F8ECB1}.Debug|Any CPU.ActiveCfg = Debug|Any CPU
		{4292E214-BCBF-4774-8681-EFB9D7F8ECB1}.Debug|Any CPU.Build.0 = Debug|Any CPU
		{4292E214-BCBF-4774-8681-EFB9D7F8ECB1}.Release|Any CPU.ActiveCfg = Release|Any CPU
		{4292E214-BCBF-4774-8681-EFB9D7F8ECB1}.Release|Any CPU.Build.0 = Release|Any CPU
	EndGlobalSection
	GlobalSection(SolutionProperties) = preSolution
		HideSolutionNode = FALSE
	EndGlobalSection
	GlobalSection(ExtensibilityGlobals) = postSolution
		SolutionGuid = {CCC4339A-8A63-4DF4-98B4-B19E38DA6CA4}
	EndGlobalSection
EndGlobal
